
Microsoft Visual Studio Solution File, Format Version 12.00
# Visual Studio 15
VisualStudioVersion = 15.0.28307.329
MinimumVisualStudioVersion = 10.0.40219.1
Project("{9A19103F-16F7-4668-BE54-9A1E7A4F7556}") = "LearningAccess.Api", "LearningAccess.Api\LearningAccess.Api.csproj", "{26F63F7B-5DB7-429E-A752-FE84FF381560}"
EndProject
Project("{9A19103F-16F7-4668-BE54-9A1E7A4F7556}") = "LearningAccess.Common", "LearningAccess.Common\LearningAccess.Common.csproj", "{353EA619-42EC-4E31-B143-0623F2E776E0}"
EndProject
Project("{9A19103F-16F7-4668-BE54-9A1E7A4F7556}") = "LearningAccess.DataAccess", "LearningAccess.DataAccess\LearningAccess.DataAccess.csproj", "{16187578-ECE9-49AF-A214-8416407BCD33}"
EndProject
Project("{9A19103F-16F7-4668-BE54-9A1E7A4F7556}") = "LearningAccess.UI", "LearningAccess.UI\LearningAccess.UI.csproj", "{19EF8626-2FAC-41E0-80C8-4C91B2248B8A}"
EndProject
Project("{FAE04EC0-301F-11D3-BF4B-00C04F79EFBC}") = "LearningAngularUI", "LearningAngularUI\LearningAngularUI.csproj", "{30578F47-0916-41B5-A837-6B25FFB262ED}"
EndProject
Global
	GlobalSection(SolutionConfigurationPlatforms) = preSolution
		Debug|Any CPU = Debug|Any CPU
		Release|Any CPU = Release|Any CPU
	EndGlobalSection
	GlobalSection(ProjectConfigurationPlatforms) = postSolution
		{26F63F7B-5DB7-429E-A752-FE84FF381560}.Debug|Any CPU.ActiveCfg = Debug|Any CPU
		{26F63F7B-5DB7-429E-A752-FE84FF381560}.Debug|Any CPU.Build.0 = Debug|Any CPU
		{26F63F7B-5DB7-429E-A752-FE84FF381560}.Release|Any CPU.ActiveCfg = Release|Any CPU
		{26F63F7B-5DB7-429E-A752-FE84FF381560}.Release|Any CPU.Build.0 = Release|Any CPU
		{353EA619-42EC-4E31-B143-0623F2E776E0}.Debug|Any CPU.ActiveCfg = Debug|Any CPU
		{353EA619-42EC-4E31-B143-0623F2E776E0}.Debug|Any CPU.Build.0 = Debug|Any CPU
		{353EA619-42EC-4E31-B143-0623F2E776E0}.Release|Any CPU.ActiveCfg = Release|Any CPU
		{353EA619-42EC-4E31-B143-0623F2E776E0}.Release|Any CPU.Build.0 = Release|Any CPU
		{16187578-ECE9-49AF-A214-8416407BCD33}.Debug|Any CPU.ActiveCfg = Debug|Any CPU
		{16187578-ECE9-49AF-A214-8416407BCD33}.Debug|Any CPU.Build.0 = Debug|Any CPU
		{16187578-ECE9-49AF-A214-8416407BCD33}.Release|Any CPU.ActiveCfg = Release|Any CPU
		{16187578-ECE9-49AF-A214-8416407BCD33}.Release|Any CPU.Build.0 = Release|Any CPU
		{19EF8626-2FAC-41E0-80C8-4C91B2248B8A}.Debug|Any CPU.ActiveCfg = Debug|Any CPU
		{19EF8626-2FAC-41E0-80C8-4C91B2248B8A}.Debug|Any CPU.Build.0 = Debug|Any CPU
		{19EF8626-2FAC-41E0-80C8-4C91B2248B8A}.Release|Any CPU.ActiveCfg = Release|Any CPU
		{19EF8626-2FAC-41E0-80C8-4C91B2248B8A}.Release|Any CPU.Build.0 = Release|Any CPU
		{30578F47-0916-41B5-A837-6B25FFB262ED}.Debug|Any CPU.ActiveCfg = Debug|Any CPU
		{30578F47-0916-41B5-A837-6B25FFB262ED}.Debug|Any CPU.Build.0 = Debug|Any CPU
		{30578F47-0916-41B5-A837-6B25FFB262ED}.Release|Any CPU.ActiveCfg = Release|Any CPU
		{30578F47-0916-41B5-A837-6B25FFB262ED}.Release|Any CPU.Build.0 = Release|Any CPU
	EndGlobalSection
	GlobalSection(SolutionProperties) = preSolution
		HideSolutionNode = FALSE
	EndGlobalSection
	GlobalSection(ExtensibilityGlobals) = postSolution
		SolutionGuid = {00979C30-745F-4CE1-AB0F-82098C585D09}
	EndGlobalSection
EndGlobal
